
Microsoft Visual Studio Solution File, Format Version 12.00
# Visual Studio 15
VisualStudioVersion = 15.0.28307.421
MinimumVisualStudioVersion = 10.0.40219.1
Project("{FAE04EC0-301F-11D3-BF4B-00C04F79EFBC}") = "HND GRADED UNIT SRU", "HND GRADED UNIT SRU\HND GRADED UNIT SRU.csproj", "{4F57F896-C913-4776-8041-507C54278411}"
EndProject
Global
	GlobalSection(SolutionConfigurationPlatforms) = preSolution
		Debug|Any CPU = Debug|Any CPU
		Release|Any CPU = Release|Any CPU
	EndGlobalSection
	GlobalSection(ProjectConfigurationPlatforms) = postSolution
		{4F57F896-C913-4776-8041-507C54278411}.Debug|Any CPU.ActiveCfg = Debug|Any CPU
		{4F57F896-C913-4776-8041-507C54278411}.Debug|Any CPU.Build.0 = Debug|Any CPU
		{4F57F896-C913-4776-8041-507C54278411}.Release|Any CPU.ActiveCfg = Release|Any CPU
		{4F57F896-C913-4776-8041-507C54278411}.Release|Any CPU.Build.0 = Release|Any CPU
	EndGlobalSection
	GlobalSection(SolutionProperties) = preSolution
		HideSolutionNode = FALSE
	EndGlobalSection
	GlobalSection(ExtensibilityGlobals) = postSolution
		SolutionGuid = {C576E7C4-19CA-45FD-B896-435E58FAC52E}
	EndGlobalSection
EndGlobal
